
Microsoft Visual Studio Solution File, Format Version 12.00
# Visual Studio Version 16
VisualStudioVersion = 16.0.33214.272
MinimumVisualStudioVersion = 10.0.40219.1
Project("{FAE04EC0-301F-11D3-BF4B-00C04F79EFBC}") = "CstDemo3", "CstDemo3\CstDemo3.csproj", "{3FE7B5B5-C63D-467F-9C4D-4A9B64644881}"
EndProject
Project("{FAE04EC0-301F-11D3-BF4B-00C04F79EFBC}") = "Cstdemo4", "..\Cstday9\Cstdemo4\Cstdemo4.csproj", "{14433E16-0D68-4756-93C2-8137E68FB6DC}"
EndProject
Project("{FAE04EC0-301F-11D3-BF4B-00C04F79EFBC}") = "Cstdemo5", "Cstdemo5\Cstdemo5.csproj", "{7793B900-75CE-4750-BF77-2C7594385625}"
EndProject
Project("{FAE04EC0-301F-11D3-BF4B-00C04F79EFBC}") = "Cstdemo6", "Cstdemo6\Cstdemo6.csproj", "{385C404D-968B-462E-8FB6-BC38598F7CAE}"
EndProject
Global
	GlobalSection(SolutionConfigurationPlatforms) = preSolution
		Debug|Any CPU = Debug|Any CPU
		Release|Any CPU = Release|Any CPU
	EndGlobalSection
	GlobalSection(ProjectConfigurationPlatforms) = postSolution
		{3FE7B5B5-C63D-467F-9C4D-4A9B64644881}.Debug|Any CPU.ActiveCfg = Debug|Any CPU
		{3FE7B5B5-C63D-467F-9C4D-4A9B64644881}.Debug|Any CPU.Build.0 = Debug|Any CPU
		{3FE7B5B5-C63D-467F-9C4D-4A9B64644881}.Release|Any CPU.ActiveCfg = Release|Any CPU
		{3FE7B5B5-C63D-467F-9C4D-4A9B64644881}.Release|Any CPU.Build.0 = Release|Any CPU
		{14433E16-0D68-4756-93C2-8137E68FB6DC}.Debug|Any CPU.ActiveCfg = Debug|Any CPU
		{14433E16-0D68-4756-93C2-8137E68FB6DC}.Debug|Any CPU.Build.0 = Debug|Any CPU
		{14433E16-0D68-4756-93C2-8137E68FB6DC}.Release|Any CPU.ActiveCfg = Release|Any CPU
		{14433E16-0D68-4756-93C2-8137E68FB6DC}.Release|Any CPU.Build.0 = Release|Any CPU
		{7793B900-75CE-4750-BF77-2C7594385625}.Debug|Any CPU.ActiveCfg = Debug|Any CPU
		{7793B900-75CE-4750-BF77-2C7594385625}.Debug|Any CPU.Build.0 = Debug|Any CPU
		{7793B900-75CE-4750-BF77-2C7594385625}.Release|Any CPU.ActiveCfg = Release|Any CPU
		{7793B900-75CE-4750-BF77-2C7594385625}.Release|Any CPU.Build.0 = Release|Any CPU
		{385C404D-968B-462E-8FB6-BC38598F7CAE}.Debug|Any CPU.ActiveCfg = Debug|Any CPU
		{385C404D-968B-462E-8FB6-BC38598F7CAE}.Debug|Any CPU.Build.0 = Debug|Any CPU
		{385C404D-968B-462E-8FB6-BC38598F7CAE}.Release|Any CPU.ActiveCfg = Release|Any CPU
		{385C404D-968B-462E-8FB6-BC38598F7CAE}.Release|Any CPU.Build.0 = Release|Any CPU
	EndGlobalSection
	GlobalSection(SolutionProperties) = preSolution
		HideSolutionNode = FALSE
	EndGlobalSection
	GlobalSection(ExtensibilityGlobals) = postSolution
		SolutionGuid = {90E95E54-3C5C-4237-B8D0-C0127E22CDE7}
	EndGlobalSection
EndGlobal
