
Microsoft Visual Studio Solution File, Format Version 12.00
# Visual Studio Version 16
VisualStudioVersion = 16.0.33214.272
MinimumVisualStudioVersion = 10.0.40219.1
Project("{FAE04EC0-301F-11D3-BF4B-00C04F79EFBC}") = "CstDemo2", "CstDemo2.csproj", "{135012B5-DBD8-436C-B7B7-F0F7AC1833D4}"
EndProject
Global
	GlobalSection(SolutionConfigurationPlatforms) = preSolution
		Debug|Any CPU = Debug|Any CPU
		Release|Any CPU = Release|Any CPU
	EndGlobalSection
	GlobalSection(ProjectConfigurationPlatforms) = postSolution
		{135012B5-DBD8-436C-B7B7-F0F7AC1833D4}.Debug|Any CPU.ActiveCfg = Debug|Any CPU
		{135012B5-DBD8-436C-B7B7-F0F7AC1833D4}.Debug|Any CPU.Build.0 = Debug|Any CPU
		{135012B5-DBD8-436C-B7B7-F0F7AC1833D4}.Release|Any CPU.ActiveCfg = Release|Any CPU
		{135012B5-DBD8-436C-B7B7-F0F7AC1833D4}.Release|Any CPU.Build.0 = Release|Any CPU
	EndGlobalSection
	GlobalSection(SolutionProperties) = preSolution
		HideSolutionNode = FALSE
	EndGlobalSection
	GlobalSection(ExtensibilityGlobals) = postSolution
		SolutionGuid = {19CA072F-A40D-447B-A1F1-C00DC772F75B}
	EndGlobalSection
EndGlobal
