
Microsoft Visual Studio Solution File, Format Version 12.00
# Visual Studio Version 16
VisualStudioVersion = 16.0.33214.272
MinimumVisualStudioVersion = 10.0.40219.1
Project("{FAE04EC0-301F-11D3-BF4B-00C04F79EFBC}") = "Cstloop", "Cstloop\Cstloop.csproj", "{9AA6660D-2A67-4575-A42D-8BE7535ECF48}"
EndProject
Project("{FAE04EC0-301F-11D3-BF4B-00C04F79EFBC}") = "DaysoftheMonth", "DaysoftheMonth\DaysoftheMonth.csproj", "{E29123A1-168C-4BFC-A0B6-770DC1A9D275}"
EndProject
Project("{FAE04EC0-301F-11D3-BF4B-00C04F79EFBC}") = "loopchengfa", "loopchengfa\loopchengfa.csproj", "{78E4F4DF-AF06-48FE-98BD-077D009CE19C}"
EndProject
Project("{FAE04EC0-301F-11D3-BF4B-00C04F79EFBC}") = "forloopEvenresult", "forloopEvenresult\forloopEvenresult.csproj", "{DE66DC38-C8A4-4713-944D-FDC2D5272F5C}"
EndProject
Project("{FAE04EC0-301F-11D3-BF4B-00C04F79EFBC}") = "sanyuanExpression", "sanyuanExpression\sanyuanExpression.csproj", "{728CA3C4-A6CD-4260-BD92-12C7032DD343}"
EndProject
Global
	GlobalSection(SolutionConfigurationPlatforms) = preSolution
		Debug|Any CPU = Debug|Any CPU
		Release|Any CPU = Release|Any CPU
	EndGlobalSection
	GlobalSection(ProjectConfigurationPlatforms) = postSolution
		{9AA6660D-2A67-4575-A42D-8BE7535ECF48}.Debug|Any CPU.ActiveCfg = Debug|Any CPU
		{9AA6660D-2A67-4575-A42D-8BE7535ECF48}.Debug|Any CPU.Build.0 = Debug|Any CPU
		{9AA6660D-2A67-4575-A42D-8BE7535ECF48}.Release|Any CPU.ActiveCfg = Release|Any CPU
		{9AA6660D-2A67-4575-A42D-8BE7535ECF48}.Release|Any CPU.Build.0 = Release|Any CPU
		{E29123A1-168C-4BFC-A0B6-770DC1A9D275}.Debug|Any CPU.ActiveCfg = Debug|Any CPU
		{E29123A1-168C-4BFC-A0B6-770DC1A9D275}.Debug|Any CPU.Build.0 = Debug|Any CPU
		{E29123A1-168C-4BFC-A0B6-770DC1A9D275}.Release|Any CPU.ActiveCfg = Release|Any CPU
		{E29123A1-168C-4BFC-A0B6-770DC1A9D275}.Release|Any CPU.Build.0 = Release|Any CPU
		{78E4F4DF-AF06-48FE-98BD-077D009CE19C}.Debug|Any CPU.ActiveCfg = Debug|Any CPU
		{78E4F4DF-AF06-48FE-98BD-077D009CE19C}.Debug|Any CPU.Build.0 = Debug|Any CPU
		{78E4F4DF-AF06-48FE-98BD-077D009CE19C}.Release|Any CPU.ActiveCfg = Release|Any CPU
		{78E4F4DF-AF06-48FE-98BD-077D009CE19C}.Release|Any CPU.Build.0 = Release|Any CPU
		{DE66DC38-C8A4-4713-944D-FDC2D5272F5C}.Debug|Any CPU.ActiveCfg = Debug|Any CPU
		{DE66DC38-C8A4-4713-944D-FDC2D5272F5C}.Debug|Any CPU.Build.0 = Debug|Any CPU
		{DE66DC38-C8A4-4713-944D-FDC2D5272F5C}.Release|Any CPU.ActiveCfg = Release|Any CPU
		{DE66DC38-C8A4-4713-944D-FDC2D5272F5C}.Release|Any CPU.Build.0 = Release|Any CPU
		{728CA3C4-A6CD-4260-BD92-12C7032DD343}.Debug|Any CPU.ActiveCfg = Debug|Any CPU
		{728CA3C4-A6CD-4260-BD92-12C7032DD343}.Debug|Any CPU.Build.0 = Debug|Any CPU
		{728CA3C4-A6CD-4260-BD92-12C7032DD343}.Release|Any CPU.ActiveCfg = Release|Any CPU
		{728CA3C4-A6CD-4260-BD92-12C7032DD343}.Release|Any CPU.Build.0 = Release|Any CPU
	EndGlobalSection
	GlobalSection(SolutionProperties) = preSolution
		HideSolutionNode = FALSE
	EndGlobalSection
	GlobalSection(ExtensibilityGlobals) = postSolution
		SolutionGuid = {77DF4998-21AA-4200-980C-0D2E9F7FB21E}
	EndGlobalSection
EndGlobal
