
Microsoft Visual Studio Solution File, Format Version 12.00
# Visual Studio Version 16
VisualStudioVersion = 16.0.33214.272
MinimumVisualStudioVersion = 10.0.40219.1
Project("{FAE04EC0-301F-11D3-BF4B-00C04F79EFBC}") = "Cstdemo1", "Cstdemo1\Cstdemo1.csproj", "{04E71DDD-0D67-490B-8012-C8688F64F5BF}"
EndProject
Global
	GlobalSection(SolutionConfigurationPlatforms) = preSolution
		Debug|Any CPU = Debug|Any CPU
		Release|Any CPU = Release|Any CPU
	EndGlobalSection
	GlobalSection(ProjectConfigurationPlatforms) = postSolution
		{04E71DDD-0D67-490B-8012-C8688F64F5BF}.Debug|Any CPU.ActiveCfg = Debug|Any CPU
		{04E71DDD-0D67-490B-8012-C8688F64F5BF}.Debug|Any CPU.Build.0 = Debug|Any CPU
		{04E71DDD-0D67-490B-8012-C8688F64F5BF}.Release|Any CPU.ActiveCfg = Release|Any CPU
		{04E71DDD-0D67-490B-8012-C8688F64F5BF}.Release|Any CPU.Build.0 = Release|Any CPU
	EndGlobalSection
	GlobalSection(SolutionProperties) = preSolution
		HideSolutionNode = FALSE
	EndGlobalSection
	GlobalSection(ExtensibilityGlobals) = postSolution
		SolutionGuid = {03FF55A9-7014-40A9-843E-9A6D79335155}
	EndGlobalSection
EndGlobal
